
Microsoft Visual Studio Solution File, Format Version 12.00
# Visual Studio Version 16
VisualStudioVersion = 16.0.30114.105
MinimumVisualStudioVersion = 10.0.40219.1
Project("{2150E333-8FDC-42A3-9474-1A3956D46DE8}") = "src", "src", "{F4EF2714-829A-4237-B760-B3468F0A47D1}"
EndProject
Project("{FAE04EC0-301F-11D3-BF4B-00C04F79EFBC}") = "ExampleServer", "src\ExampleServer\ExampleServer.csproj", "{3ED6426D-10B7-4C02-9E0C-80050B9D19B6}"
EndProject
Project("{2150E333-8FDC-42A3-9474-1A3956D46DE8}") = "test", "test", "{7867AF79-DDA7-4296-BD31-28B80BD3A01F}"
EndProject
Project("{FAE04EC0-301F-11D3-BF4B-00C04F79EFBC}") = "ExampleServer.Tests", "test\ExampleServer.Tests\ExampleServer.Tests.csproj", "{28FFE942-B643-4CF8-AA22-E63E47E38336}"
EndProject
Global
	GlobalSection(SolutionConfigurationPlatforms) = preSolution
		Debug|Any CPU = Debug|Any CPU
		Release|Any CPU = Release|Any CPU
	EndGlobalSection
	GlobalSection(SolutionProperties) = preSolution
		HideSolutionNode = FALSE
	EndGlobalSection
	GlobalSection(ProjectConfigurationPlatforms) = postSolution
		{3ED6426D-10B7-4C02-9E0C-80050B9D19B6}.Debug|Any CPU.ActiveCfg = Debug|Any CPU
		{3ED6426D-10B7-4C02-9E0C-80050B9D19B6}.Debug|Any CPU.Build.0 = Debug|Any CPU
		{3ED6426D-10B7-4C02-9E0C-80050B9D19B6}.Release|Any CPU.ActiveCfg = Release|Any CPU
		{3ED6426D-10B7-4C02-9E0C-80050B9D19B6}.Release|Any CPU.Build.0 = Release|Any CPU
		{28FFE942-B643-4CF8-AA22-E63E47E38336}.Debug|Any CPU.ActiveCfg = Debug|Any CPU
		{28FFE942-B643-4CF8-AA22-E63E47E38336}.Debug|Any CPU.Build.0 = Debug|Any CPU
		{28FFE942-B643-4CF8-AA22-E63E47E38336}.Release|Any CPU.ActiveCfg = Release|Any CPU
		{28FFE942-B643-4CF8-AA22-E63E47E38336}.Release|Any CPU.Build.0 = Release|Any CPU
	EndGlobalSection
	GlobalSection(NestedProjects) = preSolution
		{3ED6426D-10B7-4C02-9E0C-80050B9D19B6} = {F4EF2714-829A-4237-B760-B3468F0A47D1}
		{28FFE942-B643-4CF8-AA22-E63E47E38336} = {7867AF79-DDA7-4296-BD31-28B80BD3A01F}
	EndGlobalSection
EndGlobal
